
Microsoft Visual Studio Solution File, Format Version 12.00
# Visual Studio Version 17
VisualStudioVersion = 17.14.37614.0 d17.14
MinimumVisualStudioVersion = 10.0.40219.1
Project("{FAE04EC0-301F-11D3-BF4B-00C04F79EFBC}") = "Shooting", "Shooting.csproj", "{FAB28CF3-D92D-4621-A1FC-50DD8FCEFADA}"
EndProject
Global
	GlobalSection(SolutionConfigurationPlatforms) = preSolution
		Debug|Any CPU = Debug|Any CPU
		Release|Any CPU = Release|Any CPU
	EndGlobalSection
	GlobalSection(ProjectConfigurationPlatforms) = postSolution
		{FAB28CF3-D92D-4621-A1FC-50DD8FCEFADA}.Debug|Any CPU.ActiveCfg = Debug|Any CPU
		{FAB28CF3-D92D-4621-A1FC-50DD8FCEFADA}.Debug|Any CPU.Build.0 = Debug|Any CPU
		{FAB28CF3-D92D-4621-A1FC-50DD8FCEFADA}.Release|Any CPU.ActiveCfg = Release|Any CPU
		{FAB28CF3-D92D-4621-A1FC-50DD8FCEFADA}.Release|Any CPU.Build.0 = Release|Any CPU
	EndGlobalSection
	GlobalSection(SolutionProperties) = preSolution
		HideSolutionNode = FALSE
	EndGlobalSection
	GlobalSection(ExtensibilityGlobals) = postSolution
		SolutionGuid = {5860F570-7715-44A0-9A4B-9F189AA59DFD}
	EndGlobalSection
EndGlobal
